
Microsoft Visual Studio Solution File, Format Version 12.00
# Visual Studio Version 16
VisualStudioVersion = 16.0.30907.101
MinimumVisualStudioVersion = 10.0.40219.1
Project("{9A19103F-16F7-4668-BE54-9A1E7A4F7556}") = "SCRUML", "src\SCRUML\SCRUML.csproj", "{E33742E2-8012-44BC-BE5B-C1FCB4080A7F}"
EndProject
Global
	GlobalSection(SolutionConfigurationPlatforms) = preSolution
		Debug|Any CPU = Debug|Any CPU
		Release|Any CPU = Release|Any CPU
	EndGlobalSection
	GlobalSection(ProjectConfigurationPlatforms) = postSolution
		{E33742E2-8012-44BC-BE5B-C1FCB4080A7F}.Debug|Any CPU.ActiveCfg = Debug|Any CPU
		{E33742E2-8012-44BC-BE5B-C1FCB4080A7F}.Debug|Any CPU.Build.0 = Debug|Any CPU
		{E33742E2-8012-44BC-BE5B-C1FCB4080A7F}.Release|Any CPU.ActiveCfg = Release|Any CPU
		{E33742E2-8012-44BC-BE5B-C1FCB4080A7F}.Release|Any CPU.Build.0 = Release|Any CPU
	EndGlobalSection
	GlobalSection(SolutionProperties) = preSolution
		HideSolutionNode = FALSE
	EndGlobalSection
	GlobalSection(ExtensibilityGlobals) = postSolution
		SolutionGuid = {064721C0-71B9-4F38-B229-32D736CCA207}
	EndGlobalSection
EndGlobal
